
Microsoft Visual Studio Solution File, Format Version 12.00
# Visual Studio 15
VisualStudioVersion = 15.0.28010.2050
MinimumVisualStudioVersion = 10.0.40219.1
Project("{FAE04EC0-301F-11D3-BF4B-00C04F79EFBC}") = "AlipayDemo", "AlipayDemo\AlipayDemo.csproj", "{7737204E-F3F4-477E-9064-75A97A0DDFE7}"
EndProject
Global
	GlobalSection(SolutionConfigurationPlatforms) = preSolution
		Debug|Any CPU = Debug|Any CPU
		Release|Any CPU = Release|Any CPU
	EndGlobalSection
	GlobalSection(ProjectConfigurationPlatforms) = postSolution
		{7737204E-F3F4-477E-9064-75A97A0DDFE7}.Debug|Any CPU.ActiveCfg = Debug|Any CPU
		{7737204E-F3F4-477E-9064-75A97A0DDFE7}.Debug|Any CPU.Build.0 = Debug|Any CPU
		{7737204E-F3F4-477E-9064-75A97A0DDFE7}.Release|Any CPU.ActiveCfg = Release|Any CPU
		{7737204E-F3F4-477E-9064-75A97A0DDFE7}.Release|Any CPU.Build.0 = Release|Any CPU
	EndGlobalSection
	GlobalSection(SolutionProperties) = preSolution
		HideSolutionNode = FALSE
	EndGlobalSection
	GlobalSection(ExtensibilityGlobals) = postSolution
		SolutionGuid = {BB0675EF-37B2-4120-9915-02B6A52F012B}
	EndGlobalSection
EndGlobal
